
Microsoft Visual Studio Solution File, Format Version 12.00
# Visual Studio Version 17
VisualStudioVersion = 17.8.34511.84
MinimumVisualStudioVersion = 10.0.40219.1
Project("{8BC9CEB8-8B4A-11D0-8D11-00A0C91BC942}") = "t08", "t08.vcxproj", "{4316350F-B165-4F39-B865-950D53001898}"
EndProject
Global
	GlobalSection(SolutionConfigurationPlatforms) = preSolution
		Debug|x64 = Debug|x64
		Debug|x86 = Debug|x86
		Release|x64 = Release|x64
		Release|x86 = Release|x86
	EndGlobalSection
	GlobalSection(ProjectConfigurationPlatforms) = postSolution
		{4316350F-B165-4F39-B865-950D53001898}.Debug|x64.ActiveCfg = Debug|x64
		{4316350F-B165-4F39-B865-950D53001898}.Debug|x64.Build.0 = Debug|x64
		{4316350F-B165-4F39-B865-950D53001898}.Debug|x86.ActiveCfg = Debug|Win32
		{4316350F-B165-4F39-B865-950D53001898}.Debug|x86.Build.0 = Debug|Win32
		{4316350F-B165-4F39-B865-950D53001898}.Release|x64.ActiveCfg = Release|x64
		{4316350F-B165-4F39-B865-950D53001898}.Release|x64.Build.0 = Release|x64
		{4316350F-B165-4F39-B865-950D53001898}.Release|x86.ActiveCfg = Release|Win32
		{4316350F-B165-4F39-B865-950D53001898}.Release|x86.Build.0 = Release|Win32
	EndGlobalSection
	GlobalSection(SolutionProperties) = preSolution
		HideSolutionNode = FALSE
	EndGlobalSection
	GlobalSection(ExtensibilityGlobals) = postSolution
		SolutionGuid = {4665EC33-95D8-4030-BF96-5E1952D83BD2}
	EndGlobalSection
EndGlobal
