
Microsoft Visual Studio Solution File, Format Version 12.00
# Visual Studio Version 17
VisualStudioVersion = 17.8.34511.84
MinimumVisualStudioVersion = 10.0.40219.1
Project("{8BC9CEB8-8B4A-11D0-8D11-00A0C91BC942}") = "t41", "t41.vcxproj", "{BE9E3DA3-7C80-4B94-801B-7A3DD374EF0B}"
EndProject
Global
	GlobalSection(SolutionConfigurationPlatforms) = preSolution
		Debug|x64 = Debug|x64
		Debug|x86 = Debug|x86
		Release|x64 = Release|x64
		Release|x86 = Release|x86
	EndGlobalSection
	GlobalSection(ProjectConfigurationPlatforms) = postSolution
		{BE9E3DA3-7C80-4B94-801B-7A3DD374EF0B}.Debug|x64.ActiveCfg = Debug|x64
		{BE9E3DA3-7C80-4B94-801B-7A3DD374EF0B}.Debug|x64.Build.0 = Debug|x64
		{BE9E3DA3-7C80-4B94-801B-7A3DD374EF0B}.Debug|x86.ActiveCfg = Debug|Win32
		{BE9E3DA3-7C80-4B94-801B-7A3DD374EF0B}.Debug|x86.Build.0 = Debug|Win32
		{BE9E3DA3-7C80-4B94-801B-7A3DD374EF0B}.Release|x64.ActiveCfg = Release|x64
		{BE9E3DA3-7C80-4B94-801B-7A3DD374EF0B}.Release|x64.Build.0 = Release|x64
		{BE9E3DA3-7C80-4B94-801B-7A3DD374EF0B}.Release|x86.ActiveCfg = Release|Win32
		{BE9E3DA3-7C80-4B94-801B-7A3DD374EF0B}.Release|x86.Build.0 = Release|Win32
	EndGlobalSection
	GlobalSection(SolutionProperties) = preSolution
		HideSolutionNode = FALSE
	EndGlobalSection
	GlobalSection(ExtensibilityGlobals) = postSolution
		SolutionGuid = {D073364A-77B9-4751-B1C9-3E8D9EA223C7}
	EndGlobalSection
EndGlobal
