
Microsoft Visual Studio Solution File, Format Version 12.00
# Visual Studio Version 17
VisualStudioVersion = 17.8.34511.84
MinimumVisualStudioVersion = 10.0.40219.1
Project("{8BC9CEB8-8B4A-11D0-8D11-00A0C91BC942}") = "t53", "t53.vcxproj", "{8E161199-65AC-44C3-8C84-48C1B7220216}"
EndProject
Global
	GlobalSection(SolutionConfigurationPlatforms) = preSolution
		Debug|x64 = Debug|x64
		Debug|x86 = Debug|x86
		Release|x64 = Release|x64
		Release|x86 = Release|x86
	EndGlobalSection
	GlobalSection(ProjectConfigurationPlatforms) = postSolution
		{8E161199-65AC-44C3-8C84-48C1B7220216}.Debug|x64.ActiveCfg = Debug|x64
		{8E161199-65AC-44C3-8C84-48C1B7220216}.Debug|x64.Build.0 = Debug|x64
		{8E161199-65AC-44C3-8C84-48C1B7220216}.Debug|x86.ActiveCfg = Debug|Win32
		{8E161199-65AC-44C3-8C84-48C1B7220216}.Debug|x86.Build.0 = Debug|Win32
		{8E161199-65AC-44C3-8C84-48C1B7220216}.Release|x64.ActiveCfg = Release|x64
		{8E161199-65AC-44C3-8C84-48C1B7220216}.Release|x64.Build.0 = Release|x64
		{8E161199-65AC-44C3-8C84-48C1B7220216}.Release|x86.ActiveCfg = Release|Win32
		{8E161199-65AC-44C3-8C84-48C1B7220216}.Release|x86.Build.0 = Release|Win32
	EndGlobalSection
	GlobalSection(SolutionProperties) = preSolution
		HideSolutionNode = FALSE
	EndGlobalSection
	GlobalSection(ExtensibilityGlobals) = postSolution
		SolutionGuid = {4E3DFCDD-CB03-467E-8FA6-158690311929}
	EndGlobalSection
EndGlobal
